
Microsoft Visual Studio Solution File, Format Version 12.00
# Visual Studio Version 16
VisualStudioVersion = 16.0.28809.33
MinimumVisualStudioVersion = 10.0.40219.1
Project("{FAE04EC0-301F-11D3-BF4B-00C04F79EFBC}") = "TestAD", "TestAD\TestAD.csproj", "{C2F8C958-5BBB-4AA0-9712-036150A9F172}"
EndProject
Project("{FAE04EC0-301F-11D3-BF4B-00C04F79EFBC}") = "TestAD.Identity", "TestAD.Identity\TestAD.Identity.csproj", "{64692732-06E3-4B91-8BD2-12E720A5E472}"
EndProject
Global
	GlobalSection(SolutionConfigurationPlatforms) = preSolution
		Debug|Any CPU = Debug|Any CPU
		Release|Any CPU = Release|Any CPU
	EndGlobalSection
	GlobalSection(ProjectConfigurationPlatforms) = postSolution
		{C2F8C958-5BBB-4AA0-9712-036150A9F172}.Debug|Any CPU.ActiveCfg = Debug|Any CPU
		{C2F8C958-5BBB-4AA0-9712-036150A9F172}.Debug|Any CPU.Build.0 = Debug|Any CPU
		{C2F8C958-5BBB-4AA0-9712-036150A9F172}.Release|Any CPU.ActiveCfg = Release|Any CPU
		{C2F8C958-5BBB-4AA0-9712-036150A9F172}.Release|Any CPU.Build.0 = Release|Any CPU
		{64692732-06E3-4B91-8BD2-12E720A5E472}.Debug|Any CPU.ActiveCfg = Debug|Any CPU
		{64692732-06E3-4B91-8BD2-12E720A5E472}.Debug|Any CPU.Build.0 = Debug|Any CPU
		{64692732-06E3-4B91-8BD2-12E720A5E472}.Release|Any CPU.ActiveCfg = Release|Any CPU
		{64692732-06E3-4B91-8BD2-12E720A5E472}.Release|Any CPU.Build.0 = Release|Any CPU
	EndGlobalSection
	GlobalSection(SolutionProperties) = preSolution
		HideSolutionNode = FALSE
	EndGlobalSection
	GlobalSection(ExtensibilityGlobals) = postSolution
		SolutionGuid = {0D6D3DF1-7C03-40DF-948A-D5A61132C7D1}
	EndGlobalSection
EndGlobal
