
Microsoft Visual Studio Solution File, Format Version 12.00
# Blend for Visual Studio 15
VisualStudioVersion = 15.0.28307.572
MinimumVisualStudioVersion = 10.0.40219.1
Project("{FAE04EC0-301F-11D3-BF4B-00C04F79EFBC}") = "Genero1(Test Blend)", "Genero1(Test Blend)\Genero1(Test Blend).csproj", "{87190C15-F54B-4F43-A52F-E0B5D86C3A9B}"
EndProject
Global
	GlobalSection(SolutionConfigurationPlatforms) = preSolution
		Debug|Any CPU = Debug|Any CPU
		Release|Any CPU = Release|Any CPU
	EndGlobalSection
	GlobalSection(ProjectConfigurationPlatforms) = postSolution
		{87190C15-F54B-4F43-A52F-E0B5D86C3A9B}.Debug|Any CPU.ActiveCfg = Debug|Any CPU
		{87190C15-F54B-4F43-A52F-E0B5D86C3A9B}.Debug|Any CPU.Build.0 = Debug|Any CPU
		{87190C15-F54B-4F43-A52F-E0B5D86C3A9B}.Release|Any CPU.ActiveCfg = Release|Any CPU
		{87190C15-F54B-4F43-A52F-E0B5D86C3A9B}.Release|Any CPU.Build.0 = Release|Any CPU
	EndGlobalSection
	GlobalSection(SolutionProperties) = preSolution
		HideSolutionNode = FALSE
	EndGlobalSection
	GlobalSection(ExtensibilityGlobals) = postSolution
		SolutionGuid = {46FEACE0-0395-40A5-A88B-93946EFA72C3}
	EndGlobalSection
EndGlobal
