
Microsoft Visual Studio Solution File, Format Version 12.00
# Visual Studio 15
VisualStudioVersion = 15.0.28307.1062
MinimumVisualStudioVersion = 10.0.40219.1
Project("{FAE04EC0-301F-11D3-BF4B-00C04F79EFBC}") = "TestBinanceApi1", "TestBinanceApi1\TestBinanceApi1.csproj", "{414DAC9A-0BDB-498C-9A23-18730353C5A2}"
EndProject
Global
	GlobalSection(SolutionConfigurationPlatforms) = preSolution
		Debug|Any CPU = Debug|Any CPU
		Release|Any CPU = Release|Any CPU
	EndGlobalSection
	GlobalSection(ProjectConfigurationPlatforms) = postSolution
		{414DAC9A-0BDB-498C-9A23-18730353C5A2}.Debug|Any CPU.ActiveCfg = Debug|Any CPU
		{414DAC9A-0BDB-498C-9A23-18730353C5A2}.Debug|Any CPU.Build.0 = Debug|Any CPU
		{414DAC9A-0BDB-498C-9A23-18730353C5A2}.Release|Any CPU.ActiveCfg = Release|Any CPU
		{414DAC9A-0BDB-498C-9A23-18730353C5A2}.Release|Any CPU.Build.0 = Release|Any CPU
	EndGlobalSection
	GlobalSection(SolutionProperties) = preSolution
		HideSolutionNode = FALSE
	EndGlobalSection
	GlobalSection(ExtensibilityGlobals) = postSolution
		SolutionGuid = {5C017EDC-1490-42AB-A239-B859B25A6ED8}
	EndGlobalSection
EndGlobal
